
Microsoft Visual Studio Solution File, Format Version 12.00
# Visual Studio 15
VisualStudioVersion = 15.0.27130.2027
MinimumVisualStudioVersion = 10.0.40219.1
Project("{FAE04EC0-301F-11D3-BF4B-00C04F79EFBC}") = "GrilleCipher", "GrilleCipher\GrilleCipher.csproj", "{6B74309E-8855-4425-A9C5-A3BF21735F09}"
EndProject
Global
	GlobalSection(SolutionConfigurationPlatforms) = preSolution
		Debug|Any CPU = Debug|Any CPU
		Release|Any CPU = Release|Any CPU
	EndGlobalSection
	GlobalSection(ProjectConfigurationPlatforms) = postSolution
		{6B74309E-8855-4425-A9C5-A3BF21735F09}.Debug|Any CPU.ActiveCfg = Debug|Any CPU
		{6B74309E-8855-4425-A9C5-A3BF21735F09}.Debug|Any CPU.Build.0 = Debug|Any CPU
		{6B74309E-8855-4425-A9C5-A3BF21735F09}.Release|Any CPU.ActiveCfg = Release|Any CPU
		{6B74309E-8855-4425-A9C5-A3BF21735F09}.Release|Any CPU.Build.0 = Release|Any CPU
	EndGlobalSection
	GlobalSection(SolutionProperties) = preSolution
		HideSolutionNode = FALSE
	EndGlobalSection
	GlobalSection(ExtensibilityGlobals) = postSolution
		SolutionGuid = {789D433A-2978-45D2-95E2-235FE2B75401}
	EndGlobalSection
EndGlobal
